Microsoft Visual Studio Solution File, Format Version 11.00
# Visual Studio 2008

Project("{AD520B49-EC1F-EF45-CDEA-25889918D2FC}") = "DanceTracker", "Assembly-CSharp-firstpass.csproj", "{43D27BC1-4A0B-2AF1-2021-AFE27282F996}"
EndProject
Project("{AD520B49-EC1F-EF45-CDEA-25889918D2FC}") = "DanceTracker", "Assembly-CSharp.csproj", "{87CDAD3C-8ED6-4DAA-2F73-5F20B80C7974}"
EndProject
Project("{AD520B49-EC1F-EF45-CDEA-25889918D2FC}") = "DanceTracker", "Assembly-CSharp-Editor.csproj", "{DEACB8D6-406D-78BA-1CE6-921232019537}"
EndProject
Project("{AD520B49-EC1F-EF45-CDEA-25889918D2FC}") = "DanceTracker", "Assembly-UnityScript-firstpass.unityproj", "{1CB25C6F-18F7-0331-3951-50F6BCE3E8EE}"
EndProject
Global
	GlobalSection(SolutionConfigurationPlatforms) = preSolution
		Debug|Any CPU = Debug|Any CPU
		Release|Any CPU = Release|Any CPU
	EndGlobalSection
	GlobalSection(ProjectConfigurationPlatforms) = postSolution
		{43D27BC1-4A0B-2AF1-2021-AFE27282F996}.Debug|Any CPU.ActiveCfg = Debug|Any CPU
		{43D27BC1-4A0B-2AF1-2021-AFE27282F996}.Debug|Any CPU.Build.0 = Debug|Any CPU
		{43D27BC1-4A0B-2AF1-2021-AFE27282F996}.Release|Any CPU.ActiveCfg = Release|Any CPU
		{43D27BC1-4A0B-2AF1-2021-AFE27282F996}.Release|Any CPU.Build.0 = Release|Any CPU
		{87CDAD3C-8ED6-4DAA-2F73-5F20B80C7974}.Debug|Any CPU.ActiveCfg = Debug|Any CPU
		{87CDAD3C-8ED6-4DAA-2F73-5F20B80C7974}.Debug|Any CPU.Build.0 = Debug|Any CPU
		{87CDAD3C-8ED6-4DAA-2F73-5F20B80C7974}.Release|Any CPU.ActiveCfg = Release|Any CPU
		{87CDAD3C-8ED6-4DAA-2F73-5F20B80C7974}.Release|Any CPU.Build.0 = Release|Any CPU
		{DEACB8D6-406D-78BA-1CE6-921232019537}.Debug|Any CPU.ActiveCfg = Debug|Any CPU
		{DEACB8D6-406D-78BA-1CE6-921232019537}.Debug|Any CPU.Build.0 = Debug|Any CPU
		{DEACB8D6-406D-78BA-1CE6-921232019537}.Release|Any CPU.ActiveCfg = Release|Any CPU
		{DEACB8D6-406D-78BA-1CE6-921232019537}.Release|Any CPU.Build.0 = Release|Any CPU
		{1CB25C6F-18F7-0331-3951-50F6BCE3E8EE}.Debug|Any CPU.ActiveCfg = Debug|Any CPU
		{1CB25C6F-18F7-0331-3951-50F6BCE3E8EE}.Debug|Any CPU.Build.0 = Debug|Any CPU
		{1CB25C6F-18F7-0331-3951-50F6BCE3E8EE}.Release|Any CPU.ActiveCfg = Release|Any CPU
		{1CB25C6F-18F7-0331-3951-50F6BCE3E8EE}.Release|Any CPU.Build.0 = Release|Any CPU
	EndGlobalSection
	GlobalSection(SolutionProperties) = preSolution
		HideSolutionNode = FALSE
	EndGlobalSection
																					GlobalSection(MonoDevelopProperties) = preSolution
		StartupItem = Assembly-CSharp.csproj
		Policies = $0
		$0.TextStylePolicy = $1
		$1.inheritsSet = null
		$1.scope = text/x-csharp
		$0.CSharpFormattingPolicy = $2
		$2.inheritsSet = Mono
		$2.inheritsScope = text/x-csharp
		$2.scope = text/x-csharp
		$0.TextStylePolicy = $3
		$3.FileWidth = 120
		$3.TabWidth = 4
		$3.EolMarker = Unix
		$3.inheritsSet = Mono
		$3.inheritsScope = text/plain
		$3.scope = text/plain
	EndGlobalSection

EndGlobal
